// !$*UTF8*$!
{
	archiveVersion = 1;
	classes = {
	};
	objectVersion = 56;
	objects = {

/* Begin PBXBuildFile section */
		E093D30929D6062F009227A5 /* AppDelegate.swift in Sources */ = {isa = PBXBuildFile; fileRef = E093D30829D6062F009227A5 /* AppDelegate.swift */; };
		E093D30B29D6062F009227A5 /* SceneDelegate.swift in Sources */ = {isa = PBXBuildFile; fileRef = E093D30A29D6062F009227A5 /* SceneDelegate.swift */; };
		E093D30D29D6062F009227A5 /* ViewController.swift in Sources */ = {isa = PBXBuildFile; fileRef = E093D30C29D6062F009227A5 /* ViewController.swift */; };
		E093D31029D6062F009227A5 /* Main.storyboard in Resources */ = {isa = PBXBuildFile; fileRef = E093D30E29D6062F009227A5 /* Main.storyboard */; };
		E093D31229D60630009227A5 /* Assets.xcassets in Resources */ = {isa = PBXBuildFile; fileRef = E093D31129D60630009227A5 /* Assets.xcassets */; };
		E093D31529D60630009227A5 /* LaunchScreen.storyboard in Resources */ = {isa = PBXBuildFile; fileRef = E093D31329D60630009227A5 /* LaunchScreen.storyboard */; };
		E093D32029D60630009227A5 /* twitterCounterTests.swift in Sources */ = {isa = PBXBuildFile; fileRef = E093D31F29D60630009227A5 /* twitterCounterTests.swift */; };
		E093D32A29D60630009227A5 /* twitterCounterUITests.swift in Sources */ = {isa = PBXBuildFile; fileRef = E093D32929D60630009227A5 /* twitterCounterUITests.swift */; };
		E093D32C29D60630009227A5 /* twitterCounterUITestsLaunchTests.swift in Sources */ = {isa = PBXBuildFile; fileRef = E093D32B29D60630009227A5 /* twitterCounterUITestsLaunchTests.swift */; };
/* End PBXBuildFile section */

/* Begin PBXContainerItemProxy section */
		E093D31C29D60630009227A5 /* PBXContainerItemProxy */ = {
			isa = PBXContainerItemProxy;
			containerPortal = E093D2FD29D6062F009227A5 /* Project object */;
			proxyType = 1;
			remoteGlobalIDString = E093D30429D6062F009227A5;
			remoteInfo = twitterCounter;
		};
		E093D32629D60630009227A5 /* PBXContainerItemProxy */ = {
			isa = PBXContainerItemProxy;
			containerPortal = E093D2FD29D6062F009227A5 /* Project object */;
			proxyType = 1;
			remoteGlobalIDString = E093D30429D6062F009227A5;
			remoteInfo = twitterCounter;
		};
/* End PBXContainerItemProxy section */

/* Begin PBXFileReference section */
		E093D30529D6062F009227A5 /* twitterCounter.app */ = {isa = PBXFileReference; explicitFileType = wrapper.application; includeInIndex = 0; path = twitterCounter.app; sourceTree = BUILT_PRODUCTS_DIR; };
		E093D30829D6062F009227A5 /* AppDelegate.swift */ = {isa = PBXFileReference; lastKnownFileType = sourcecode.swift; path = AppDelegate.swift; sourceTree = "<group>"; };
		E093D30A29D6062F009227A5 /* SceneDelegate.swift */ = {isa = PBXFileReference; lastKnownFileType = sourcecode.swift; path = SceneDelegate.swift; sourceTree = "<group>"; };
		E093D30C29D6062F009227A5 /* ViewController.swift */ = {isa = PBXFileReference; lastKnownFileType = sourcecode.swift; path = ViewController.swift; sourceTree = "<group>"; };
		E093D30F29D6062F009227A5 /* Base */ = {isa = PBXFileReference; lastKnownFileType = file.storyboard; name = Base; path = Base.lproj/Main.storyboard; sourceTree = "<group>"; };
		E093D31129D60630009227A5 /* Assets.xcassets */ = {isa = PBXFileReference; lastKnownFileType = folder.assetcatalog; path = Assets.xcassets; sourceTree = "<group>"; };
		E093D31429D60630009227A5 /* Base */ = {isa = PBXFileReference; lastKnownFileType = file.storyboard; name = Base; path = Base.lproj/LaunchScreen.storyboard; sourceTree = "<group>"; };
		E093D31629D60630009227A5 /* Info.plist */ = {isa = PBXFileReference; lastKnownFileType = text.plist.xml; path = Info.plist; sourceTree = "<group>"; };
		E093D31B29D60630009227A5 /* twitterCounterTests.xctest */ = {isa = PBXFileReference; explicitFileType = wrapper.cfbundle; includeInIndex = 0; path = twitterCounterTests.xctest; sourceTree = BUILT_PRODUCTS_DIR; };
		E093D31F29D60630009227A5 /* twitterCounterTests.swift */ = {isa = PBXFileReference; lastKnownFileType = sourcecode.swift; path = twitterCounterTests.swift; sourceTree = "<group>"; };
		E093D32529D60630009227A5 /* twitterCounterUITests.xctest */ = {isa = PBXFileReference; explicitFileType = wrapper.cfbundle; includeInIndex = 0; path = twitterCounterUITests.xctest; sourceTree = BUILT_PRODUCTS_DIR; };
		E093D32929D60630009227A5 /* twitterCounterUITests.swift */ = {isa = PBXFileReference; lastKnownFileType = sourcecode.swift; path = twitterCounterUITests.swift; sourceTree = "<group>"; };
		E093D32B29D60630009227A5 /* twitterCounterUITestsLaunchTests.swift */ = {isa = PBXFileReference; lastKnownFileType = sourcecode.swift; path = twitterCounterUITestsLaunchTests.swift; sourceTree = "<group>"; };
/* End PBXFileReference section */

/* Begin PBXFrameworksBuildPhase section */
		E093D30229D6062F009227A5 /* Frameworks */ = {
			isa = PBXFrameworksBuildPhase;
			buildActionMask = 2147483647;
			files = (
			);
			runOnlyForDeploymentPostprocessing = 0;
		};
		E093D31829D60630009227A5 /* Frameworks */ = {
			isa = PBXFrameworksBuildPhase;
			buildActionMask = 2147483647;
			files = (
			);
			runOnlyForDeploymentPostprocessing = 0;
		};
		E093D32229D60630009227A5 /* Frameworks */ = {
			isa = PBXFrameworksBuildPhase;
			buildActionMask = 2147483647;
			files = (
			);
			runOnlyForDeploymentPostprocessing = 0;
		};
/* End PBXFrameworksBuildPhase section */

/* Begin PBXGroup section */
		E093D2FC29D6062F009227A5 = {
			isa = PBXGroup;
			children = (
				E093D30729D6062F009227A5 /* twitterCounter */,
				E093D31E29D60630009227A5 /* twitterCounterTests */,
				E093D32829D60630009227A5 /* twitterCounterUITests */,
				E093D30629D6062F009227A5 /* Products */,
			);
			sourceTree = "<group>";
		};
		E093D30629D6062F009227A5 /* Products */ = {
			isa = PBXGroup;
			children = (
				E093D30529D6062F009227A5 /* twitterCounter.app */,
				E093D31B29D60630009227A5 /* twitterCounterTests.xctest */,
				E093D32529D60630009227A5 /* twitterCounterUITests.xctest */,
			);
			name = Products;
			sourceTree = "<group>";
		};
		E093D30729D6062F009227A5 /* twitterCounter */ = {
			isa = PBXGroup;
			children = (
				E093D30829D6062F009227A5 /* AppDelegate.swift */,
				E093D30A29D6062F009227A5 /* SceneDelegate.swift */,
				E093D30C29D6062F009227A5 /* ViewController.swift */,
				E093D30E29D6062F009227A5 /* Main.storyboard */,
				E093D31129D60630009227A5 /* Assets.xcassets */,
				E093D31329D60630009227A5 /* LaunchScreen.storyboard */,
				E093D31629D60630009227A5 /* Info.plist */,
			);
			path = twitterCounter;
			sourceTree = "<group>";
		};
		E093D31E29D60630009227A5 /* twitterCounterTests */ = {
			isa = PBXGroup;
			children = (
				E093D31F29D60630009227A5 /* twitterCounterTests.swift */,
			);
			path = twitterCounterTests;
			sourceTree = "<group>";
		};
		E093D32829D60630009227A5 /* twitterCounterUITests */ = {
			isa = PBXGroup;
			children = (
				E093D32929D60630009227A5 /* twitterCounterUITests.swift */,
				E093D32B29D60630009227A5 /* twitterCounterUITestsLaunchTests.swift */,
			);
			path = twitterCounterUITests;
			sourceTree = "<group>";
		};
/* End PBXGroup section */

/* Begin PBXNativeTarget section */
		E093D30429D6062F009227A5 /* twitterCounter */ = {
			isa = PBXNativeTarget;
			buildConfigurationList = E093D32F29D60630009227A5 /* Build configuration list for PBXNativeTarget "twitterCounter" */;
			buildPhases = (
				E093D30129D6062F009227A5 /* Sources */,
				E093D30229D6062F009227A5 /* Frameworks */,
				E093D30329D6062F009227A5 /* Resources */,
			);
			buildRules = (
			);
			dependencies = (
			);
			name = twitterCounter;
			productName = twitterCounter;
			productReference = E093D30529D6062F009227A5 /* twitterCounter.app */;
			productType = "com.apple.product-type.application";
		};
		E093D31A29D60630009227A5 /* twitterCounterTests */ = {
			isa = PBXNativeTarget;
			buildConfigurationList = E093D33229D60630009227A5 /* Build configuration list for PBXNativeTarget "twitterCounterTests" */;
			buildPhases = (
				E093D31729D60630009227A5 /* Sources */,
				E093D31829D60630009227A5 /* Frameworks */,
				E093D31929D60630009227A5 /* Resources */,
			);
			buildRules = (
			);
			dependencies = (
				E093D31D29D60630009227A5 /* PBXTargetDependency */,
			);
			name = twitterCounterTests;
			productName = twitterCounterTests;
			productReference = E093D31B29D60630009227A5 /* twitterCounterTests.xctest */;
			productType = "com.apple.product-type.bundle.unit-test";
		};
		E093D32429D60630009227A5 /* twitterCounterUITests */ = {
			isa = PBXNativeTarget;
			buildConfigurationList = E093D33529D60630009227A5 /* Build configuration list for PBXNativeTarget "twitterCounterUITests" */;
			buildPhases = (
				E093D32129D60630009227A5 /* Sources */,
				E093D32229D60630009227A5 /* Frameworks */,
				E093D32329D60630009227A5 /* Resources */,
			);
			buildRules = (
			);
			dependencies = (
				E093D32729D60630009227A5 /* PBXTargetDependency */,
			);
			name = twitterCounterUITests;
			productName = twitterCounterUITests;
			productReference = E093D32529D60630009227A5 /* twitterCounterUITests.xctest */;
			productType = "com.apple.product-type.bundle.ui-testing";
		};
/* End PBXNativeTarget section */

/* Begin PBXProject section */
		E093D2FD29D6062F009227A5 /* Project object */ = {
			isa = PBXProject;
			attributes = {
				BuildIndependentTargetsInParallel = 1;
				LastSwiftUpdateCheck = 1420;
				LastUpgradeCheck = 1420;
				TargetAttributes = {
					E093D30429D6062F009227A5 = {
						CreatedOnToolsVersion = 14.2;
					};
					E093D31A29D60630009227A5 = {
						CreatedOnToolsVersion = 14.2;
						TestTargetID = E093D30429D6062F009227A5;
					};
					E093D32429D60630009227A5 = {
						CreatedOnToolsVersion = 14.2;
						TestTargetID = E093D30429D6062F009227A5;
					};
				};
			};
			buildConfigurationList = E093D30029D6062F009227A5 /* Build configuration list for PBXProject "twitterCounter" */;
			compatibilityVersion = "Xcode 14.0";
			developmentRegion = en;
			hasScannedForEncodings = 0;
			knownRegions = (
				en,
				Base,
			);
			mainGroup = E093D2FC29D6062F009227A5;
			productRefGroup = E093D30629D6062F009227A5 /* Products */;
			projectDirPath = "";
			projectRoot = "";
			targets = (
				E093D30429D6062F009227A5 /* twitterCounter */,
				E093D31A29D60630009227A5 /* twitterCounterTests */,
				E093D32429D60630009227A5 /* twitterCounterUITests */,
			);
		};
/* End PBXProject section */

/* Begin PBXResourcesBuildPhase section */
		E093D30329D6062F009227A5 /* Resources */ = {
			isa = PBXResourcesBuildPhase;
			buildActionMask = 2147483647;
			files = (
				E093D31529D60630009227A5 /* LaunchScreen.storyboard in Resources */,
				E093D31229D60630009227A5 /* Assets.xcassets in Resources */,
				E093D31029D6062F009227A5 /* Main.storyboard in Resources */,
			);
			runOnlyForDeploymentPostprocessing = 0;
		};
		E093D31929D60630009227A5 /* Resources */ = {
			isa = PBXResourcesBuildPhase;
			buildActionMask = 2147483647;
			files = (
			);
			runOnlyForDeploymentPostprocessing = 0;
		};
		E093D32329D60630009227A5 /* Resources */ = {
			isa = PBXResourcesBuildPhase;
			buildActionMask = 2147483647;
			files = (
			);
			runOnlyForDeploymentPostprocessing = 0;
		};
/* End PBXResourcesBuildPhase section */

/* Begin PBXSourcesBuildPhase section */
		E093D30129D6062F009227A5 /* Sources */ = {
			isa = PBXSourcesBuildPhase;
			buildActionMask = 2147483647;
			files = (
				E093D30D29D6062F009227A5 /* ViewController.swift in Sources */,
				E093D30929D6062F009227A5 /* AppDelegate.swift in Sources */,
				E093D30B29D6062F009227A5 /* SceneDelegate.swift in Sources */,
			);
			runOnlyForDeploymentPostprocessing = 0;
		};
		E093D31729D60630009227A5 /* Sources */ = {
			isa = PBXSourcesBuildPhase;
			buildActionMask = 2147483647;
			files = (
				E093D32029D60630009227A5 /* twitterCounterTests.swift in Sources */,
			);
			runOnlyForDeploymentPostprocessing = 0;
		};
		E093D32129D60630009227A5 /* Sources */ = {
			isa = PBXSourcesBuildPhase;
			buildActionMask = 2147483647;
			files = (
				E093D32A29D60630009227A5 /* twitterCounterUITests.swift in Sources */,
				E093D32C29D60630009227A5 /* twitterCounterUITestsLaunchTests.swift in Sources */,
			);
			runOnlyForDeploymentPostprocessing = 0;
		};
/* End PBXSourcesBuildPhase section */

/* Begin PBXTargetDependency section */
		E093D31D29D60630009227A5 /* PBXTargetDependency */ = {
			isa = PBXTargetDependency;
			target = E093D30429D6062F009227A5 /* twitterCounter */;
			targetProxy = E093D31C29D60630009227A5 /* PBXContainerItemProxy */;
		};
		E093D32729D60630009227A5 /* PBXTargetDependency */ = {
			isa = PBXTargetDependency;
			target = E093D30429D6062F009227A5 /* twitterCounter */;
			targetProxy = E093D32629D60630009227A5 /* PBXContainerItemProxy */;
		};
/* End PBXTargetDependency section */

/* Begin PBXVariantGroup section */
		E093D30E29D6062F009227A5 /* Main.storyboard */ = {
			isa = PBXVariantGroup;
			children = (
				E093D30F29D6062F009227A5 /* Base */,
			);
			name = Main.storyboard;
			sourceTree = "<group>";
		};
		E093D31329D60630009227A5 /* LaunchScreen.storyboard */ = {
			isa = PBXVariantGroup;
			children = (
				E093D31429D60630009227A5 /* Base */,
			);
			name = LaunchScreen.storyboard;
			sourceTree = "<group>";
		};
/* End PBXVariantGroup section */

/* Begin XCBuildConfiguration section */
		E093D32D29D60630009227A5 /* Debug */ = {
			isa = XCBuildConfiguration;
			buildSettings = {
				ALWAYS_SEARCH_USER_PATHS = NO;
				CLANG_ANALYZER_NONNULL = YES;
				CLANG_ANALYZER_NUMBER_OBJECT_CONVERSION = YES_AGGRESSIVE;
				CLANG_CXX_LANGUAGE_STANDARD = "gnu++20";
				CLANG_ENABLE_MODULES = YES;
				CLANG_ENABLE_OBJC_ARC = YES;
				CLANG_ENABLE_OBJC_WEAK = YES;
				CLANG_WARN_BLOCK_CAPTURE_AUTORELEASING = YES;
				CLANG_WARN_BOOL_CONVERSION = YES;
				CLANG_WARN_COMMA = YES;
				CLANG_WARN_CONSTANT_CONVERSION = YES;
				CLANG_WARN_DEPRECATED_OBJC_IMPLEMENTATIONS = YES;
				CLANG_WARN_DIRECT_OBJC_ISA_USAGE = YES_ERROR;
				CLANG_WARN_DOCUMENTATION_COMMENTS = YES;
				CLANG_WARN_EMPTY_BODY = YES;
				CLANG_WARN_ENUM_CONVERSION = YES;
				CLANG_WARN_INFINITE_RECURSION = YES;
				CLANG_WARN_INT_CONVERSION = YES;
				CLANG_WARN_NON_LITERAL_NULL_CONVERSION = YES;
				CLANG_WARN_OBJC_IMPLICIT_RETAIN_SELF = YES;
				CLANG_WARN_OBJC_LITERAL_CONVERSION = YES;
				CLANG_WARN_OBJC_ROOT_CLASS = YES_ERROR;
				CLANG_WARN_QUOTED_INCLUDE_IN_FRAMEWORK_HEADER = YES;
				CLANG_WARN_RANGE_LOOP_ANALYSIS = YES;
				CLANG_WARN_STRICT_PROTOTYPES = YES;
				CLANG_WARN_SUSPICIOUS_MOVE = YES;
				CLANG_WARN_UNGUARDED_AVAILABILITY = YES_AGGRESSIVE;
				CLANG_WARN_UNREACHABLE_CODE = YES;
				CLANG_WARN__DUPLICATE_METHOD_MATCH = YES;
				COPY_PHASE_STRIP = NO;
				DEBUG_INFORMATION_FORMAT = dwarf;
				ENABLE_STRICT_OBJC_MSGSEND = YES;
				ENABLE_TESTABILITY = YES;
				GCC_C_LANGUAGE_STANDARD = gnu11;
				GCC_DYNAMIC_NO_PIC = NO;
				GCC_NO_COMMON_BLOCKS = YES;
				GCC_OPTIMIZATION_LEVEL = 0;
				GCC_PREPROCESSOR_DEFINITIONS = (
					"DEBUG=1",
					"$(inherited)",
				);
				GCC_WARN_64_TO_32_BIT_CONVERSION = YES;
				GCC_WARN_ABOUT_RETURN_TYPE = YES_ERROR;
				GCC_WARN_UNDECLARED_SELECTOR = YES;
				GCC_WARN_UNINITIALIZED_AUTOS = YES_AGGRESSIVE;
				GCC_WARN_UNUSED_FUNCTION = YES;
				GCC_WARN_UNUSED_VARIABLE = YES;
				IPHONEOS_DEPLOYMENT_TARGET = 16.2;
				MTL_ENABLE_DEBUG_INFO = INCLUDE_SOURCE;
				MTL_FAST_MATH = YES;
				ONLY_ACTIVE_ARCH = YES;
				SDKROOT = iphoneos;
				SWIFT_ACTIVE_COMPILATION_CONDITIONS = DEBUG;
				SWIFT_OPTIMIZATION_LEVEL = "-Onone";
			};
			name = Debug;
		};
		E093D32E29D60630009227A5 /* Release */ = {
			isa = XCBuildConfiguration;
			buildSettings = {
				ALWAYS_SEARCH_USER_PATHS = NO;
				CLANG_ANALYZER_NONNULL = YES;
				CLANG_ANALYZER_NUMBER_OBJECT_CONVERSION = YES_AGGRESSIVE;
				CLANG_CXX_LANGUAGE_STANDARD = "gnu++20";
				CLANG_ENABLE_MODULES = YES;
				CLANG_ENABLE_OBJC_ARC = YES;
				CLANG_ENABLE_OBJC_WEAK = YES;
				CLANG_WARN_BLOCK_CAPTURE_AUTORELEASING = YES;
				CLANG_WARN_BOOL_CONVERSION = YES;
				CLANG_WARN_COMMA = YES;
				CLANG_WARN_CONSTANT_CONVERSION = YES;
				CLANG_WARN_DEPRECATED_OBJC_IMPLEMENTATIONS = YES;
				CLANG_WARN_DIRECT_OBJC_ISA_USAGE = YES_ERROR;
				CLANG_WARN_DOCUMENTATION_COMMENTS = YES;
				CLANG_WARN_EMPTY_BODY = YES;
				CLANG_WARN_ENUM_CONVERSION = YES;
				CLANG_WARN_INFINITE_RECURSION = YES;
				CLANG_WARN_INT_CONVERSION = YES;
				CLANG_WARN_NON_LITERAL_NULL_CONVERSION = YES;
				CLANG_WARN_OBJC_IMPLICIT_RETAIN_SELF = YES;
				CLANG_WARN_OBJC_LITERAL_CONVERSION = YES;
				CLANG_WARN_OBJC_ROOT_CLASS = YES_ERROR;
				CLANG_WARN_QUOTED_INCLUDE_IN_FRAMEWORK_HEADER = YES;
				CLANG_WARN_RANGE_LOOP_ANALYSIS = YES;
				CLANG_WARN_STRICT_PROTOTYPES = YES;
				CLANG_WARN_SUSPICIOUS_MOVE = YES;
				CLANG_WARN_UNGUARDED_AVAILABILITY = YES_AGGRESSIVE;
				CLANG_WARN_UNREACHABLE_CODE = YES;
				CLANG_WARN__DUPLICATE_METHOD_MATCH = YES;
				COPY_PHASE_STRIP = NO;
				DEBUG_INFORMATION_FORMAT = "dwarf-with-dsym";
				ENABLE_NS_ASSERTIONS = NO;
				ENABLE_STRICT_OBJC_MSGSEND = YES;
				GCC_C_LANGUAGE_STANDARD = gnu11;
				GCC_NO_COMMON_BLOCKS = YES;
				GCC_WARN_64_TO_32_BIT_CONVERSION = YES;
				GCC_WARN_ABOUT_RETURN_TYPE = YES_ERROR;
				GCC_WARN_UNDECLARED_SELECTOR = YES;
				GCC_WARN_UNINITIALIZED_AUTOS = YES_AGGRESSIVE;
				GCC_WARN_UNUSED_FUNCTION = YES;
				GCC_WARN_UNUSED_VARIABLE = YES;
				IPHONEOS_DEPLOYMENT_TARGET = 16.2;
				MTL_ENABLE_DEBUG_INFO = NO;
				MTL_FAST_MATH = YES;
				SDKROOT = iphoneos;
				SWIFT_COMPILATION_MODE = wholemodule;
				SWIFT_OPTIMIZATION_LEVEL = "-O";
				VALIDATE_PRODUCT = YES;
			};
			name = Release;
		};
		E093D33029D60630009227A5 /* Debug */ = {
			isa = XCBuildConfiguration;
			buildSettings = {
				ASSETCATALOG_COMPILER_APPICON_NAME = AppIcon;
				ASSETCATALOG_COMPILER_GLOBAL_ACCENT_COLOR_NAME = AccentColor;
				CODE_SIGN_STYLE = Automatic;
				CURRENT_PROJECT_VERSION = 1;
				DEVELOPMENT_TEAM = 8NZN23VC38;
				GENERATE_INFOPLIST_FILE = YES;
				INFOPLIST_FILE = twitterCounter/Info.plist;
				INFOPLIST_KEY_UIApplicationSupportsIndirectInputEvents = YES;
				INFOPLIST_KEY_UILaunchStoryboardName = LaunchScreen;
				INFOPLIST_KEY_UIMainStoryboardFile = Main;
				INFOPLIST_KEY_UISupportedInterfaceOrientations_iPad = "UIInterfaceOrientationPortrait UIInterfaceOrientationPortraitUpsideDown UIInterfaceOrientationLandscapeLeft UIInterfaceOrientationLandscapeRight";
				INFOPLIST_KEY_UISupportedInterfaceOrientations_iPhone = "UIInterfaceOrientationPortrait UIInterfaceOrientationLandscapeLeft UIInterfaceOrientationLandscapeRight";
				LD_RUNPATH_SEARCH_PATHS = (
					"$(inherited)",
					"@executable_path/Frameworks",
				);
				MARKETING_VERSION = 1.0;
				PRODUCT_BUNDLE_IDENTIFIER = abshalom.twitterCounter;
				PRODUCT_NAME = "$(TARGET_NAME)";
				SWIFT_EMIT_LOC_STRINGS = YES;
				SWIFT_VERSION = 5.0;
				TARGETED_DEVICE_FAMILY = "1,2";
			};
			name = Debug;
		};
		E093D33129D60630009227A5 /* Release */ = {
			isa = XCBuildConfiguration;
			buildSettings = {
				ASSETCATALOG_COMPILER_APPICON_NAME = AppIcon;
				ASSETCATALOG_COMPILER_GLOBAL_ACCENT_COLOR_NAME = AccentColor;
				CODE_SIGN_STYLE = Automatic;
				CURRENT_PROJECT_VERSION = 1;
				DEVELOPMENT_TEAM = 8NZN23VC38;
				GENERATE_INFOPLIST_FILE = YES;
				INFOPLIST_FILE = twitterCounter/Info.plist;
				INFOPLIST_KEY_UIApplicationSupportsIndirectInputEvents = YES;
				INFOPLIST_KEY_UILaunchStoryboardName = LaunchScreen;
				INFOPLIST_KEY_UIMainStoryboardFile = Main;
				INFOPLIST_KEY_UISupportedInterfaceOrientations_iPad = "UIInterfaceOrientationPortrait UIInterfaceOrientationPortraitUpsideDown UIInterfaceOrientationLandscapeLeft UIInterfaceOrientationLandscapeRight";
				INFOPLIST_KEY_UISupportedInterfaceOrientations_iPhone = "UIInterfaceOrientationPortrait UIInterfaceOrientationLandscapeLeft UIInterfaceOrientationLandscapeRight";
				LD_RUNPATH_SEARCH_PATHS = (
					"$(inherited)",
					"@executable_path/Frameworks",
				);
				MARKETING_VERSION = 1.0;
				PRODUCT_BUNDLE_IDENTIFIER = abshalom.twitterCounter;
				PRODUCT_NAME = "$(TARGET_NAME)";
				SWIFT_EMIT_LOC_STRINGS = YES;
				SWIFT_VERSION = 5.0;
				TARGETED_DEVICE_FAMILY = "1,2";
			};
			name = Release;
		};
		E093D33329D60630009227A5 /* Debug */ = {
			isa = XCBuildConfiguration;
			buildSettings = {
				ALWAYS_EMBED_SWIFT_STANDARD_LIBRARIES = YES;
				BUNDLE_LOADER = "$(TEST_HOST)";
				CODE_SIGN_STYLE = Automatic;
				CURRENT_PROJECT_VERSION = 1;
				DEVELOPMENT_TEAM = 8NZN23VC38;
				GENERATE_INFOPLIST_FILE = YES;
				IPHONEOS_DEPLOYMENT_TARGET = 16.2;
				MARKETING_VERSION = 1.0;
				PRODUCT_BUNDLE_IDENTIFIER = abshalom.twitterCounterTests;
				PRODUCT_NAME = "$(TARGET_NAME)";
				SWIFT_EMIT_LOC_STRINGS = NO;
				SWIFT_VERSION = 5.0;
				TARGETED_DEVICE_FAMILY = "1,2";
				TEST_HOST = "$(BUILT_PRODUCTS_DIR)/twitterCounter.app/$(BUNDLE_EXECUTABLE_FOLDER_PATH)/twitterCounter";
			};
			name = Debug;
		};
		E093D33429D60630009227A5 /* Release */ = {
			isa = XCBuildConfiguration;
			buildSettings = {
				ALWAYS_EMBED_SWIFT_STANDARD_LIBRARIES = YES;
				BUNDLE_LOADER = "$(TEST_HOST)";
				CODE_SIGN_STYLE = Automatic;
				CURRENT_PROJECT_VERSION = 1;
				DEVELOPMENT_TEAM = 8NZN23VC38;
				GENERATE_INFOPLIST_FILE = YES;
				IPHONEOS_DEPLOYMENT_TARGET = 16.2;
				MARKETING_VERSION = 1.0;
				PRODUCT_BUNDLE_IDENTIFIER = abshalom.twitterCounterTests;
				PRODUCT_NAME = "$(TARGET_NAME)";
				SWIFT_EMIT_LOC_STRINGS = NO;
				SWIFT_VERSION = 5.0;
				TARGETED_DEVICE_FAMILY = "1,2";
				TEST_HOST = "$(BUILT_PRODUCTS_DIR)/twitterCounter.app/$(BUNDLE_EXECUTABLE_FOLDER_PATH)/twitterCounter";
			};
			name = Release;
		};
		E093D33629D60630009227A5 /* Debug */ = {
			isa = XCBuildConfiguration;
			buildSettings = {
				ALWAYS_EMBED_SWIFT_STANDARD_LIBRARIES = YES;
				CODE_SIGN_STYLE = Automatic;
				CURRENT_PROJECT_VERSION = 1;
				DEVELOPMENT_TEAM = 8NZN23VC38;
				GENERATE_INFOPLIST_FILE = YES;
				MARKETING_VERSION = 1.0;
				PRODUCT_BUNDLE_IDENTIFIER = abshalom.twitterCounterUITests;
				PRODUCT_NAME = "$(TARGET_NAME)";
				SWIFT_EMIT_LOC_STRINGS = NO;
				SWIFT_VERSION = 5.0;
				TARGETED_DEVICE_FAMILY = "1,2";
				TEST_TARGET_NAME = twitterCounter;
			};
			name = Debug;
		};
		E093D33729D60630009227A5 /* Release */ = {
			isa = XCBuildConfiguration;
			buildSettings = {
				ALWAYS_EMBED_SWIFT_STANDARD_LIBRARIES = YES;
				CODE_SIGN_STYLE = Automatic;
				CURRENT_PROJECT_VERSION = 1;
				DEVELOPMENT_TEAM = 8NZN23VC38;
				GENERATE_INFOPLIST_FILE = YES;
				MARKETING_VERSION = 1.0;
				PRODUCT_BUNDLE_IDENTIFIER = abshalom.twitterCounterUITests;
				PRODUCT_NAME = "$(TARGET_NAME)";
				SWIFT_EMIT_LOC_STRINGS = NO;
				SWIFT_VERSION = 5.0;
				TARGETED_DEVICE_FAMILY = "1,2";
				TEST_TARGET_NAME = twitterCounter;
			};
			name = Release;
		};
/* End XCBuildConfiguration section */

/* Begin XCConfigurationList section */
		E093D30029D6062F009227A5 /* Build configuration list for PBXProject "twitterCounter" */ = {
			isa = XCConfigurationList;
			buildConfigurations = (
				E093D32D29D60630009227A5 /* Debug */,
				E093D32E29D60630009227A5 /* Release */,
			);
			defaultConfigurationIsVisible = 0;
			defaultConfigurationName = Release;
		};
		E093D32F29D60630009227A5 /* Build configuration list for PBXNativeTarget "twitterCounter" */ = {
			isa = XCConfigurationList;
			buildConfigurations = (
				E093D33029D60630009227A5 /* Debug */,
				E093D33129D60630009227A5 /* Release */,
			);
			defaultConfigurationIsVisible = 0;
			defaultConfigurationName = Release;
		};
		E093D33229D60630009227A5 /* Build configuration list for PBXNativeTarget "twitterCounterTests" */ = {
			isa = XCConfigurationList;
			buildConfigurations = (
				E093D33329D60630009227A5 /* Debug */,
				E093D33429D60630009227A5 /* Release */,
			);
			defaultConfigurationIsVisible = 0;
			defaultConfigurationName = Release;
		};
		E093D33529D60630009227A5 /* Build configuration list for PBXNativeTarget "twitterCounterUITests" */ = {
			isa = XCConfigurationList;
			buildConfigurations = (
				E093D33629D60630009227A5 /* Debug */,
				E093D33729D60630009227A5 /* Release */,
			);
			defaultConfigurationIsVisible = 0;
			defaultConfigurationName = Release;
		};
/* End XCConfigurationList section */
	};
	rootObject = E093D2FD29D6062F009227A5 /* Project object */;
}
